
Microsoft Visual Studio Solution File, Format Version 12.00
# Visual Studio Version 16
VisualStudioVersion = 16.0.29519.181
MinimumVisualStudioVersion = 10.0.40219.1
Project("{9A19103F-16F7-4668-BE54-9A1E7A4F7556}") = "CovidStatCruncher", "CovidStatCruncher\CovidStatCruncher.csproj", "{C3F3C622-D695-4B3D-BC1A-9220EC6C6DFD}"
EndProject
Project("{9A19103F-16F7-4668-BE54-9A1E7A4F7556}") = "CovidStatCruncher.Normalizer.Covid19Api", "CovidStatCruncher.Normalizer.Covid19Api\CovidStatCruncher.Normalizer.Covid19Api.csproj", "{EFE4FD3F-47ED-4516-8BC3-FAA587475A4A}"
EndProject
Project("{9A19103F-16F7-4668-BE54-9A1E7A4F7556}") = "CovidStatCruncher.Infrastructure", "CovidStatCruncher.Infrastructure\CovidStatCruncher.Infrastructure.csproj", "{0555EDFC-369C-4913-A3DC-95EC1CA09127}"
EndProject
Project("{FAE04EC0-301F-11D3-BF4B-00C04F79EFBC}") = "CovidStatCruncher.Normalizer.OwinDataSet", "CovidStatCruncher.Normalizer.OwinDataSet\CovidStatCruncher.Normalizer.OwinDataSet.csproj", "{B1076475-9EC7-4129-AAFE-8C32A12BDE8D}"
EndProject
Global
	GlobalSection(SolutionConfigurationPlatforms) = preSolution
		Debug|Any CPU = Debug|Any CPU
		Release|Any CPU = Release|Any CPU
	EndGlobalSection
	GlobalSection(ProjectConfigurationPlatforms) = postSolution
		{C3F3C622-D695-4B3D-BC1A-9220EC6C6DFD}.Debug|Any CPU.ActiveCfg = Debug|Any CPU
		{C3F3C622-D695-4B3D-BC1A-9220EC6C6DFD}.Debug|Any CPU.Build.0 = Debug|Any CPU
		{C3F3C622-D695-4B3D-BC1A-9220EC6C6DFD}.Release|Any CPU.ActiveCfg = Release|Any CPU
		{C3F3C622-D695-4B3D-BC1A-9220EC6C6DFD}.Release|Any CPU.Build.0 = Release|Any CPU
		{EFE4FD3F-47ED-4516-8BC3-FAA587475A4A}.Debug|Any CPU.ActiveCfg = Debug|Any CPU
		{EFE4FD3F-47ED-4516-8BC3-FAA587475A4A}.Debug|Any CPU.Build.0 = Debug|Any CPU
		{EFE4FD3F-47ED-4516-8BC3-FAA587475A4A}.Release|Any CPU.ActiveCfg = Release|Any CPU
		{EFE4FD3F-47ED-4516-8BC3-FAA587475A4A}.Release|Any CPU.Build.0 = Release|Any CPU
		{0555EDFC-369C-4913-A3DC-95EC1CA09127}.Debug|Any CPU.ActiveCfg = Debug|Any CPU
		{0555EDFC-369C-4913-A3DC-95EC1CA09127}.Debug|Any CPU.Build.0 = Debug|Any CPU
		{0555EDFC-369C-4913-A3DC-95EC1CA09127}.Release|Any CPU.ActiveCfg = Release|Any CPU
		{0555EDFC-369C-4913-A3DC-95EC1CA09127}.Release|Any CPU.Build.0 = Release|Any CPU
		{B1076475-9EC7-4129-AAFE-8C32A12BDE8D}.Debug|Any CPU.ActiveCfg = Debug|Any CPU
		{B1076475-9EC7-4129-AAFE-8C32A12BDE8D}.Debug|Any CPU.Build.0 = Debug|Any CPU
		{B1076475-9EC7-4129-AAFE-8C32A12BDE8D}.Release|Any CPU.ActiveCfg = Release|Any CPU
		{B1076475-9EC7-4129-AAFE-8C32A12BDE8D}.Release|Any CPU.Build.0 = Release|Any CPU
	EndGlobalSection
	GlobalSection(SolutionProperties) = preSolution
		HideSolutionNode = FALSE
	EndGlobalSection
	GlobalSection(ExtensibilityGlobals) = postSolution
		SolutionGuid = {A942A67B-4632-49A8-9DED-F3A9C63CD491}
	EndGlobalSection
EndGlobal
